---
name: "自用拦截"
description: "自用补充"
author: "fishyo"
icon: "https://raw.githubusercontent.com/fishyo/someLoonThings/refs/heads/main/icons/findMy.png"
homepage: "https://github.com/fishyo/someLoonThings"

mitm:
  hostnames:
    - "cdnfile.sspai.com"
    - "xqimg.imedao.com"
    - "api-one-wscn.awtmt.com"
    - "m.360buyimg.com"
    - "adm.10jqka.com.cn"
    - "iphone.ac.qq.com"
    - "stat.10jqka.com.cn"

header_rewrites:
  - add:
      match: "^https://cdnfile\\.sspai\\.com/"
      name: "Referer"
      value: "sspai.com"
      type: request

rules:
  - url_regex:
      match: "^https:\\/\\/xqimg\\.imedao\\.com\\/"
      policy: REJECT
  - url_regex:
      match: "^https?:\\/\\/api-one-wscn\\.awtmt\\.com\\/apiv1\\/advertising\\/ads"
      policy: REJECT
  - url_regex:
      match: "^https:\\/\\/m\\.360buyimg\\.com\\/mobilecms\\/s1125x2436_jfs\\/t1\\/.*"
      policy: REJECT
  - url_regex:
      match: "^https:\\/\\/api\\.mos\\.csvw\\.com\\/mos\\/operation\\/home\\/api\\/v\\d\\/app\\/brand\\/queryDataForOperation"
      policy: REJECT
  - url_regex:
      match: "^https?:\\/\\/adm\\.10jqka\\.com\\.cn\\/interface\\/ad\\/recommend"
      policy: REJECT
  - url_regex:
      match: "^https?:\\/\\/iphone\\.ac\\.qq\\.com\\/.*\\/Support\\/(getSystemConf|bootScreen)"
      policy: REJECT
  - url_regex:
      match: "^https?:\\/\\/stat\\.10jqka\\.com\\.cn\\/q\\?ld=mobile&id=ad"
      policy: REJECT
